
Microsoft Visual Studio Solution File, Format Version 12.00
# Visual Studio Version 17
VisualStudioVersion = 17.3.32825.248
MinimumVisualStudioVersion = 10.0.40219.1
Project("{9A19103F-16F7-4668-BE54-9A1E7A4F7556}") = "CoreDemo", "CoreDemo.csproj", "{A2771BAD-E403-473F-9442-FF8AE2D7A2B2}"
EndProject
Project("{9A19103F-16F7-4668-BE54-9A1E7A4F7556}") = "EntityLayer", "..\EntityLayer\EntityLayer.csproj", "{77C10C35-5329-45DE-9410-EAC7594EB985}"
EndProject
Project("{9A19103F-16F7-4668-BE54-9A1E7A4F7556}") = "DataAccessLayer", "..\DataAccessLayer\DataAccessLayer.csproj", "{C24BAD78-7070-432A-8D0F-61ACD1CDA774}"
EndProject
Project("{9A19103F-16F7-4668-BE54-9A1E7A4F7556}") = "BusinessLayer", "..\BusinessLayer\BusinessLayer.csproj", "{DC02D567-1FDF-4576-838F-B280D0A8959A}"
EndProject
Project("{9A19103F-16F7-4668-BE54-9A1E7A4F7556}") = "BlogApiDemo", "..\BlogApiDemo\BlogApiDemo.csproj", "{BAADAE32-7D81-42F4-B716-253DFDECE00A}"
EndProject
Project("{9A19103F-16F7-4668-BE54-9A1E7A4F7556}") = "Jwt_Core_Proje_Kampi", "..\Jwt_Core_Proje_Kampi\Jwt_Core_Proje_Kampi.csproj", "{4863BCB3-920B-4D13-8654-F410979C3D63}"
EndProject
Project("{9A19103F-16F7-4668-BE54-9A1E7A4F7556}") = "CoreLayer", "..\CoreLayer\CoreLayer.csproj", "{E886F8E6-DC67-40D3-8007-45E61C8B2285}"
EndProject
Global
	GlobalSection(SolutionConfigurationPlatforms) = preSolution
		Debug|Any CPU = Debug|Any CPU
		Release|Any CPU = Release|Any CPU
	EndGlobalSection
	GlobalSection(ProjectConfigurationPlatforms) = postSolution
		{A2771BAD-E403-473F-9442-FF8AE2D7A2B2}.Debug|Any CPU.ActiveCfg = Debug|Any CPU
		{A2771BAD-E403-473F-9442-FF8AE2D7A2B2}.Debug|Any CPU.Build.0 = Debug|Any CPU
		{A2771BAD-E403-473F-9442-FF8AE2D7A2B2}.Release|Any CPU.ActiveCfg = Release|Any CPU
		{A2771BAD-E403-473F-9442-FF8AE2D7A2B2}.Release|Any CPU.Build.0 = Release|Any CPU
		{77C10C35-5329-45DE-9410-EAC7594EB985}.Debug|Any CPU.ActiveCfg = Debug|Any CPU
		{77C10C35-5329-45DE-9410-EAC7594EB985}.Debug|Any CPU.Build.0 = Debug|Any CPU
		{77C10C35-5329-45DE-9410-EAC7594EB985}.Release|Any CPU.ActiveCfg = Release|Any CPU
		{77C10C35-5329-45DE-9410-EAC7594EB985}.Release|Any CPU.Build.0 = Release|Any CPU
		{C24BAD78-7070-432A-8D0F-61ACD1CDA774}.Debug|Any CPU.ActiveCfg = Debug|Any CPU
		{C24BAD78-7070-432A-8D0F-61ACD1CDA774}.Debug|Any CPU.Build.0 = Debug|Any CPU
		{C24BAD78-7070-432A-8D0F-61ACD1CDA774}.Release|Any CPU.ActiveCfg = Release|Any CPU
		{C24BAD78-7070-432A-8D0F-61ACD1CDA774}.Release|Any CPU.Build.0 = Release|Any CPU
		{DC02D567-1FDF-4576-838F-B280D0A8959A}.Debug|Any CPU.ActiveCfg = Debug|Any CPU
		{DC02D567-1FDF-4576-838F-B280D0A8959A}.Debug|Any CPU.Build.0 = Debug|Any CPU
		{DC02D567-1FDF-4576-838F-B280D0A8959A}.Release|Any CPU.ActiveCfg = Release|Any CPU
		{DC02D567-1FDF-4576-838F-B280D0A8959A}.Release|Any CPU.Build.0 = Release|Any CPU
		{BAADAE32-7D81-42F4-B716-253DFDECE00A}.Debug|Any CPU.ActiveCfg = Debug|Any CPU
		{BAADAE32-7D81-42F4-B716-253DFDECE00A}.Debug|Any CPU.Build.0 = Debug|Any CPU
		{BAADAE32-7D81-42F4-B716-253DFDECE00A}.Release|Any CPU.ActiveCfg = Release|Any CPU
		{BAADAE32-7D81-42F4-B716-253DFDECE00A}.Release|Any CPU.Build.0 = Release|Any CPU
		{4863BCB3-920B-4D13-8654-F410979C3D63}.Debug|Any CPU.ActiveCfg = Debug|Any CPU
		{4863BCB3-920B-4D13-8654-F410979C3D63}.Debug|Any CPU.Build.0 = Debug|Any CPU
		{4863BCB3-920B-4D13-8654-F410979C3D63}.Release|Any CPU.ActiveCfg = Release|Any CPU
		{4863BCB3-920B-4D13-8654-F410979C3D63}.Release|Any CPU.Build.0 = Release|Any CPU
		{E886F8E6-DC67-40D3-8007-45E61C8B2285}.Debug|Any CPU.ActiveCfg = Debug|Any CPU
		{E886F8E6-DC67-40D3-8007-45E61C8B2285}.Debug|Any CPU.Build.0 = Debug|Any CPU
		{E886F8E6-DC67-40D3-8007-45E61C8B2285}.Release|Any CPU.ActiveCfg = Release|Any CPU
		{E886F8E6-DC67-40D3-8007-45E61C8B2285}.Release|Any CPU.Build.0 = Release|Any CPU
	EndGlobalSection
	GlobalSection(SolutionProperties) = preSolution
		HideSolutionNode = FALSE
	EndGlobalSection
	GlobalSection(ExtensibilityGlobals) = postSolution
		SolutionGuid = {55E5A422-BB8A-4D88-8A0A-EDD9C8DFA86E}
	EndGlobalSection
EndGlobal
