
Microsoft Visual Studio Solution File, Format Version 12.00
# Visual Studio Version 16
VisualStudioVersion = 16.0.31515.178
MinimumVisualStudioVersion = 10.0.40219.1
Project("{FAE04EC0-301F-11D3-BF4B-00C04F79EFBC}") = "CoreDemo", "CoreDemo.csproj", "{A2771BAD-E403-473F-9442-FF8AE2D7A2B2}"
EndProject
Global
	GlobalSection(SolutionConfigurationPlatforms) = preSolution
		Debug|Any CPU = Debug|Any CPU
		Release|Any CPU = Release|Any CPU
	EndGlobalSection
	GlobalSection(ProjectConfigurationPlatforms) = postSolution
		{A2771BAD-E403-473F-9442-FF8AE2D7A2B2}.Debug|Any CPU.ActiveCfg = Debug|Any CPU
		{A2771BAD-E403-473F-9442-FF8AE2D7A2B2}.Debug|Any CPU.Build.0 = Debug|Any CPU
		{A2771BAD-E403-473F-9442-FF8AE2D7A2B2}.Release|Any CPU.ActiveCfg = Release|Any CPU
		{A2771BAD-E403-473F-9442-FF8AE2D7A2B2}.Release|Any CPU.Build.0 = Release|Any CPU
	EndGlobalSection
	GlobalSection(SolutionProperties) = preSolution
		HideSolutionNode = FALSE
	EndGlobalSection
	GlobalSection(ExtensibilityGlobals) = postSolution
		SolutionGuid = {55E5A422-BB8A-4D88-8A0A-EDD9C8DFA86E}
	EndGlobalSection
EndGlobal
